
Microsoft Visual Studio Solution File, Format Version 12.00
# Visual Studio Version 16
VisualStudioVersion = 16.0.29519.181
MinimumVisualStudioVersion = 10.0.40219.1
Project("{FAE04EC0-301F-11D3-BF4B-00C04F79EFBC}") = "WindowsFormsApp1", "WindowsFormsApp1\WindowsFormsApp1.csproj", "{A64DEB72-2173-492C-8FD0-CCB3451FFFAF}"
EndProject
Global
	GlobalSection(SolutionConfigurationPlatforms) = preSolution
		Debug|Any CPU = Debug|Any CPU
		Release|Any CPU = Release|Any CPU
	EndGlobalSection
	GlobalSection(ProjectConfigurationPlatforms) = postSolution
		{A64DEB72-2173-492C-8FD0-CCB3451FFFAF}.Debug|Any CPU.ActiveCfg = Debug|Any CPU
		{A64DEB72-2173-492C-8FD0-CCB3451FFFAF}.Debug|Any CPU.Build.0 = Debug|Any CPU
		{A64DEB72-2173-492C-8FD0-CCB3451FFFAF}.Release|Any CPU.ActiveCfg = Release|Any CPU
		{A64DEB72-2173-492C-8FD0-CCB3451FFFAF}.Release|Any CPU.Build.0 = Release|Any CPU
	EndGlobalSection
	GlobalSection(SolutionProperties) = preSolution
		HideSolutionNode = FALSE
	EndGlobalSection
	GlobalSection(ExtensibilityGlobals) = postSolution
		SolutionGuid = {F3A13EE6-8142-41A8-AFD3-14F28F6E2087}
	EndGlobalSection
EndGlobal
